
Microsoft Visual Studio Solution File, Format Version 12.00
# Visual Studio Version 17
VisualStudioVersion = 17.1.32421.90
MinimumVisualStudioVersion = 10.0.40219.1
Project("{FAE04EC0-301F-11D3-BF4B-00C04F79EFBC}") = "DelegateCallApp", "DelegateCallApp\DelegateCallApp.csproj", "{7E73DCCB-FE3B-480B-B279-654A9A353493}"
EndProject
Global
	GlobalSection(SolutionConfigurationPlatforms) = preSolution
		Debug|Any CPU = Debug|Any CPU
		Release|Any CPU = Release|Any CPU
	EndGlobalSection
	GlobalSection(ProjectConfigurationPlatforms) = postSolution
		{7E73DCCB-FE3B-480B-B279-654A9A353493}.Debug|Any CPU.ActiveCfg = Debug|Any CPU
		{7E73DCCB-FE3B-480B-B279-654A9A353493}.Debug|Any CPU.Build.0 = Debug|Any CPU
		{7E73DCCB-FE3B-480B-B279-654A9A353493}.Release|Any CPU.ActiveCfg = Release|Any CPU
		{7E73DCCB-FE3B-480B-B279-654A9A353493}.Release|Any CPU.Build.0 = Release|Any CPU
	EndGlobalSection
	GlobalSection(SolutionProperties) = preSolution
		HideSolutionNode = FALSE
	EndGlobalSection
	GlobalSection(ExtensibilityGlobals) = postSolution
		SolutionGuid = {041C2294-E0A4-46A1-BD84-46D63B338592}
	EndGlobalSection
EndGlobal
