
Microsoft Visual Studio Solution File, Format Version 12.00
# Visual Studio Version 17
VisualStudioVersion = 17.1.32421.90
MinimumVisualStudioVersion = 10.0.40219.1
Project("{FAE04EC0-301F-11D3-BF4B-00C04F79EFBC}") = "StringIndexerApp", "StringIndexerApp\StringIndexerApp.csproj", "{DD37810C-7928-494F-8035-A8D597274AEF}"
EndProject
Global
	GlobalSection(SolutionConfigurationPlatforms) = preSolution
		Debug|Any CPU = Debug|Any CPU
		Release|Any CPU = Release|Any CPU
	EndGlobalSection
	GlobalSection(ProjectConfigurationPlatforms) = postSolution
		{DD37810C-7928-494F-8035-A8D597274AEF}.Debug|Any CPU.ActiveCfg = Debug|Any CPU
		{DD37810C-7928-494F-8035-A8D597274AEF}.Debug|Any CPU.Build.0 = Debug|Any CPU
		{DD37810C-7928-494F-8035-A8D597274AEF}.Release|Any CPU.ActiveCfg = Release|Any CPU
		{DD37810C-7928-494F-8035-A8D597274AEF}.Release|Any CPU.Build.0 = Release|Any CPU
	EndGlobalSection
	GlobalSection(SolutionProperties) = preSolution
		HideSolutionNode = FALSE
	EndGlobalSection
	GlobalSection(ExtensibilityGlobals) = postSolution
		SolutionGuid = {F5002ABF-E1C7-4DAD-BC58-AA0DD5809A64}
	EndGlobalSection
EndGlobal
