
Microsoft Visual Studio Solution File, Format Version 12.00
# Visual Studio Version 17
VisualStudioVersion = 17.1.32421.90
MinimumVisualStudioVersion = 10.0.40219.1
Project("{FAE04EC0-301F-11D3-BF4B-00C04F79EFBC}") = "Ex09_01_ModalApp", "Ex09_01_ModalApp\Ex09_01_ModalApp.csproj", "{192CDED6-7745-4C54-B6B9-7747A2E2A49E}"
EndProject
Global
	GlobalSection(SolutionConfigurationPlatforms) = preSolution
		Debug|Any CPU = Debug|Any CPU
		Release|Any CPU = Release|Any CPU
	EndGlobalSection
	GlobalSection(ProjectConfigurationPlatforms) = postSolution
		{192CDED6-7745-4C54-B6B9-7747A2E2A49E}.Debug|Any CPU.ActiveCfg = Debug|Any CPU
		{192CDED6-7745-4C54-B6B9-7747A2E2A49E}.Debug|Any CPU.Build.0 = Debug|Any CPU
		{192CDED6-7745-4C54-B6B9-7747A2E2A49E}.Release|Any CPU.ActiveCfg = Release|Any CPU
		{192CDED6-7745-4C54-B6B9-7747A2E2A49E}.Release|Any CPU.Build.0 = Release|Any CPU
	EndGlobalSection
	GlobalSection(SolutionProperties) = preSolution
		HideSolutionNode = FALSE
	EndGlobalSection
	GlobalSection(ExtensibilityGlobals) = postSolution
		SolutionGuid = {40EEC185-C890-4B4C-BA8B-17E444486BF8}
	EndGlobalSection
EndGlobal
