
Microsoft Visual Studio Solution File, Format Version 12.00
# Visual Studio Version 17
VisualStudioVersion = 17.1.32421.90
MinimumVisualStudioVersion = 10.0.40219.1
Project("{FAE04EC0-301F-11D3-BF4B-00C04F79EFBC}") = "Ex09_02_ModelessApp", "Ex09_02_ModelessApp\Ex09_02_ModelessApp.csproj", "{909AA9CD-4487-455B-9151-B226D1E4C9A7}"
EndProject
Global
	GlobalSection(SolutionConfigurationPlatforms) = preSolution
		Debug|Any CPU = Debug|Any CPU
		Release|Any CPU = Release|Any CPU
	EndGlobalSection
	GlobalSection(ProjectConfigurationPlatforms) = postSolution
		{909AA9CD-4487-455B-9151-B226D1E4C9A7}.Debug|Any CPU.ActiveCfg = Debug|Any CPU
		{909AA9CD-4487-455B-9151-B226D1E4C9A7}.Debug|Any CPU.Build.0 = Debug|Any CPU
		{909AA9CD-4487-455B-9151-B226D1E4C9A7}.Release|Any CPU.ActiveCfg = Release|Any CPU
		{909AA9CD-4487-455B-9151-B226D1E4C9A7}.Release|Any CPU.Build.0 = Release|Any CPU
	EndGlobalSection
	GlobalSection(SolutionProperties) = preSolution
		HideSolutionNode = FALSE
	EndGlobalSection
	GlobalSection(ExtensibilityGlobals) = postSolution
		SolutionGuid = {C899A593-95E6-4B01-AA24-13AC4FB4300C}
	EndGlobalSection
EndGlobal
