
Microsoft Visual Studio Solution File, Format Version 12.00
# Visual Studio Version 17
VisualStudioVersion = 17.1.32421.90
MinimumVisualStudioVersion = 10.0.40219.1
Project("{FAE04EC0-301F-11D3-BF4B-00C04F79EFBC}") = "A113_DelegateExample", "A113_DelegateExample\A113_DelegateExample.csproj", "{F18F8BE1-B46B-491B-81CA-C32298EF944E}"
EndProject
Global
	GlobalSection(SolutionConfigurationPlatforms) = preSolution
		Debug|Any CPU = Debug|Any CPU
		Release|Any CPU = Release|Any CPU
	EndGlobalSection
	GlobalSection(ProjectConfigurationPlatforms) = postSolution
		{F18F8BE1-B46B-491B-81CA-C32298EF944E}.Debug|Any CPU.ActiveCfg = Debug|Any CPU
		{F18F8BE1-B46B-491B-81CA-C32298EF944E}.Debug|Any CPU.Build.0 = Debug|Any CPU
		{F18F8BE1-B46B-491B-81CA-C32298EF944E}.Release|Any CPU.ActiveCfg = Release|Any CPU
		{F18F8BE1-B46B-491B-81CA-C32298EF944E}.Release|Any CPU.Build.0 = Release|Any CPU
	EndGlobalSection
	GlobalSection(SolutionProperties) = preSolution
		HideSolutionNode = FALSE
	EndGlobalSection
	GlobalSection(ExtensibilityGlobals) = postSolution
		SolutionGuid = {875070B3-F206-46B4-B291-40FF67911F4B}
	EndGlobalSection
EndGlobal
