
Microsoft Visual Studio Solution File, Format Version 12.00
# Visual Studio Version 17
VisualStudioVersion = 17.1.32421.90
MinimumVisualStudioVersion = 10.0.40219.1
Project("{FAE04EC0-301F-11D3-BF4B-00C04F79EFBC}") = "LeapYear", "LeapYear\LeapYear.csproj", "{2AEFF66E-7FBD-4D0C-A57B-BED2C3C7AEE6}"
EndProject
Global
	GlobalSection(SolutionConfigurationPlatforms) = preSolution
		Debug|Any CPU = Debug|Any CPU
		Release|Any CPU = Release|Any CPU
	EndGlobalSection
	GlobalSection(ProjectConfigurationPlatforms) = postSolution
		{2AEFF66E-7FBD-4D0C-A57B-BED2C3C7AEE6}.Debug|Any CPU.ActiveCfg = Debug|Any CPU
		{2AEFF66E-7FBD-4D0C-A57B-BED2C3C7AEE6}.Debug|Any CPU.Build.0 = Debug|Any CPU
		{2AEFF66E-7FBD-4D0C-A57B-BED2C3C7AEE6}.Release|Any CPU.ActiveCfg = Release|Any CPU
		{2AEFF66E-7FBD-4D0C-A57B-BED2C3C7AEE6}.Release|Any CPU.Build.0 = Release|Any CPU
	EndGlobalSection
	GlobalSection(SolutionProperties) = preSolution
		HideSolutionNode = FALSE
	EndGlobalSection
	GlobalSection(ExtensibilityGlobals) = postSolution
		SolutionGuid = {1549E7B5-B14D-440B-8BB8-0E746BC29B2E}
	EndGlobalSection
EndGlobal
