
Microsoft Visual Studio Solution File, Format Version 12.00
# Visual Studio Version 17
VisualStudioVersion = 17.1.32421.90
MinimumVisualStudioVersion = 10.0.40219.1
Project("{FAE04EC0-301F-11D3-BF4B-00C04F79EFBC}") = "DivByZeroExceptionApp", "DivByZeroExceptionApp\DivByZeroExceptionApp.csproj", "{B2EDD52B-B878-41BD-A343-B1B2EE6AB021}"
EndProject
Global
	GlobalSection(SolutionConfigurationPlatforms) = preSolution
		Debug|Any CPU = Debug|Any CPU
		Release|Any CPU = Release|Any CPU
	EndGlobalSection
	GlobalSection(ProjectConfigurationPlatforms) = postSolution
		{B2EDD52B-B878-41BD-A343-B1B2EE6AB021}.Debug|Any CPU.ActiveCfg = Debug|Any CPU
		{B2EDD52B-B878-41BD-A343-B1B2EE6AB021}.Debug|Any CPU.Build.0 = Debug|Any CPU
		{B2EDD52B-B878-41BD-A343-B1B2EE6AB021}.Release|Any CPU.ActiveCfg = Release|Any CPU
		{B2EDD52B-B878-41BD-A343-B1B2EE6AB021}.Release|Any CPU.Build.0 = Release|Any CPU
	EndGlobalSection
	GlobalSection(SolutionProperties) = preSolution
		HideSolutionNode = FALSE
	EndGlobalSection
	GlobalSection(ExtensibilityGlobals) = postSolution
		SolutionGuid = {01779D60-411D-49D3-B04F-6C820E5DF1E1}
	EndGlobalSection
EndGlobal
