
Microsoft Visual Studio Solution File, Format Version 12.00
# Visual Studio Version 17
VisualStudioVersion = 17.1.32421.90
MinimumVisualStudioVersion = 10.0.40219.1
Project("{FAE04EC0-301F-11D3-BF4B-00C04F79EFBC}") = "BaseCallApp", "BaseCallApp\BaseCallApp.csproj", "{375E6DC8-D1CB-4663-AEF3-9D9AEE2EF513}"
EndProject
Global
	GlobalSection(SolutionConfigurationPlatforms) = preSolution
		Debug|Any CPU = Debug|Any CPU
		Release|Any CPU = Release|Any CPU
	EndGlobalSection
	GlobalSection(ProjectConfigurationPlatforms) = postSolution
		{375E6DC8-D1CB-4663-AEF3-9D9AEE2EF513}.Debug|Any CPU.ActiveCfg = Debug|Any CPU
		{375E6DC8-D1CB-4663-AEF3-9D9AEE2EF513}.Debug|Any CPU.Build.0 = Debug|Any CPU
		{375E6DC8-D1CB-4663-AEF3-9D9AEE2EF513}.Release|Any CPU.ActiveCfg = Release|Any CPU
		{375E6DC8-D1CB-4663-AEF3-9D9AEE2EF513}.Release|Any CPU.Build.0 = Release|Any CPU
	EndGlobalSection
	GlobalSection(SolutionProperties) = preSolution
		HideSolutionNode = FALSE
	EndGlobalSection
	GlobalSection(ExtensibilityGlobals) = postSolution
		SolutionGuid = {75020F85-327D-46AD-BCCE-B19491949D3A}
	EndGlobalSection
EndGlobal
