
Microsoft Visual Studio Solution File, Format Version 12.00
# Visual Studio Version 17
VisualStudioVersion = 17.1.32421.90
MinimumVisualStudioVersion = 10.0.40219.1
Project("{FAE04EC0-301F-11D3-BF4B-00C04F79EFBC}") = "override", "override\override.csproj", "{0F361587-5D79-4889-8FF3-E32D2937D9F7}"
EndProject
Global
	GlobalSection(SolutionConfigurationPlatforms) = preSolution
		Debug|Any CPU = Debug|Any CPU
		Release|Any CPU = Release|Any CPU
	EndGlobalSection
	GlobalSection(ProjectConfigurationPlatforms) = postSolution
		{0F361587-5D79-4889-8FF3-E32D2937D9F7}.Debug|Any CPU.ActiveCfg = Debug|Any CPU
		{0F361587-5D79-4889-8FF3-E32D2937D9F7}.Debug|Any CPU.Build.0 = Debug|Any CPU
		{0F361587-5D79-4889-8FF3-E32D2937D9F7}.Release|Any CPU.ActiveCfg = Release|Any CPU
		{0F361587-5D79-4889-8FF3-E32D2937D9F7}.Release|Any CPU.Build.0 = Release|Any CPU
	EndGlobalSection
	GlobalSection(SolutionProperties) = preSolution
		HideSolutionNode = FALSE
	EndGlobalSection
	GlobalSection(ExtensibilityGlobals) = postSolution
		SolutionGuid = {65EC191F-638F-4934-943D-7A8A9F7A5FE9}
	EndGlobalSection
EndGlobal
