
Microsoft Visual Studio Solution File, Format Version 12.00
# Visual Studio Version 17
VisualStudioVersion = 17.1.32421.90
MinimumVisualStudioVersion = 10.0.40219.1
Project("{FAE04EC0-301F-11D3-BF4B-00C04F79EFBC}") = "FractionApp", "FractionApp\FractionApp.csproj", "{D1D2A119-B06B-4AB3-BF1B-640C10DB8851}"
EndProject
Global
	GlobalSection(SolutionConfigurationPlatforms) = preSolution
		Debug|Any CPU = Debug|Any CPU
		Release|Any CPU = Release|Any CPU
	EndGlobalSection
	GlobalSection(ProjectConfigurationPlatforms) = postSolution
		{D1D2A119-B06B-4AB3-BF1B-640C10DB8851}.Debug|Any CPU.ActiveCfg = Debug|Any CPU
		{D1D2A119-B06B-4AB3-BF1B-640C10DB8851}.Debug|Any CPU.Build.0 = Debug|Any CPU
		{D1D2A119-B06B-4AB3-BF1B-640C10DB8851}.Release|Any CPU.ActiveCfg = Release|Any CPU
		{D1D2A119-B06B-4AB3-BF1B-640C10DB8851}.Release|Any CPU.Build.0 = Release|Any CPU
	EndGlobalSection
	GlobalSection(SolutionProperties) = preSolution
		HideSolutionNode = FALSE
	EndGlobalSection
	GlobalSection(ExtensibilityGlobals) = postSolution
		SolutionGuid = {A0B42E72-9C6C-4A7B-84C0-D8ABEDEEE10A}
	EndGlobalSection
EndGlobal
